<?xml version="1.0" encoding="utf-8"?>
<Project ToolsVersion="4.0" xmlns="http://schemas.microsoft.com/developer/msbuild/2003">
  <ItemGroup>
    <Filter Include="Common">
      <UniqueIdentifier>f609659d-664a-4c39-9a40-75b36d0abe1b</UniqueIdentifier>
    </Filter>
    <Filter Include="Assets">
      <UniqueIdentifier>f322ef5c-5aae-46fe-b4a4-28b7466ce1f5</UniqueIdentifier>
      <Extensions>bmp;fbx;gif;jpg;jpeg;tga;tiff;tif;png</Extensions>
    </Filter>
    <Filter Include="Content">
      <UniqueIdentifier>57b03a7e-8f4a-48aa-aa31-f8a07c318bec</UniqueIdentifier>
    </Filter>
    <ClInclude Include="Common\d3dx12.h">
      <Filter>Common</Filter>
    </ClInclude>
    <ClInclude Include="Common\DirectXHelper.h">
      <Filter>Common</Filter>
    </ClInclude>
    <Image Include="Assets\LockScreenLogo.scale-200.png">
      <Filter>Assets</Filter>
    </Image>
    <Image Include="Assets\SplashScreen.scale-200.png">
      <Filter>Assets</Filter>
    </Image>
    <Image Include="Assets\Square150x150Logo.scale-200.png">
      <Filter>Assets</Filter>
    </Image>
    <Image Include="Assets\Square44x44Logo.scale-200.png">
      <Filter>Assets</Filter>
    </Image>
    <Image Include="Assets\Square44x44Logo.targetsize-24_altform-unplated.png">
      <Filter>Assets</Filter>
    </Image>
    <Image Include="Assets\StoreLogo.png">
      <Filter>Assets</Filter>
    </Image>
    <Image Include="Assets\Wide310x150Logo.scale-200.png">
      <Filter>Assets</Filter>
    </Image>
    <Filter Include="Assets\Models">
      <UniqueIdentifier>{b89b95e6-b6a4-42f7-ac19-384da7f4e7a8}</UniqueIdentifier>
    </Filter>
  </ItemGroup>
  <ItemGroup>
    <ClCompile Include="App.cpp" />
    <ClCompile Include="pch.cpp" />
    <ClCompile Include="MeshData.cpp" />
    <ClCompile Include="Object.cpp" />
    <ClCompile Include="FrameResource.cpp" />
    <ClCompile Include="GameMain.cpp" />
    <ClCompile Include="Camera.cpp" />
    <ClCompile Include="Common\DDSTextureLoader.cpp">
      <Filter>Common</Filter>
    </ClCompile>
    <ClCompile Include="GameResource.cpp" />
    <ClCompile Include="Light.cpp" />
    <ClCompile Include="LightPoint.cpp" />
    <ClCompile Include="LightSpot.cpp" />
    <ClCompile Include="LightDirectional.cpp" />
  </ItemGroup>
  <ItemGroup>
    <ClInclude Include="App.h" />
    <ClInclude Include="pch.h" />
    <ClInclude Include="ShaderStructures.h" />
    <ClInclude Include="MathHelper.h" />
    <ClInclude Include="MeshData.h" />
    <ClInclude Include="Object.h" />
    <ClInclude Include="FrameResource.h" />
    <ClInclude Include="EngineSettings.h" />
    <ClInclude Include="GameMain.h" />
    <ClInclude Include="Camera.h" />
    <ClInclude Include="MaterialData.h" />
    <ClInclude Include="Common\DDSTextureLoader.h">
      <Filter>Common</Filter>
    </ClInclude>
    <ClInclude Include="GameResource.h" />
    <ClInclude Include="TextureData.h" />
    <ClInclude Include="Light.h" />
    <ClInclude Include="LightPoint.h" />
    <ClInclude Include="LightSpot.h" />
    <ClInclude Include="LightDirectional.h" />
  </ItemGroup>
  <ItemGroup>
    <AppxManifest Include="Package.appxmanifest" />
  </ItemGroup>
  <ItemGroup>
    <None Include="App3_TemporaryKey.pfx" />
  </ItemGroup>
  <ItemGroup>
    <Text Include="Assets\Models\skull.txt">
      <Filter>Assets\Models</Filter>
    </Text>
  </ItemGroup>
</Project>